# This file is automatically @generated by Poetry and should not be changed by hand.

[[package]]
name = "editdistance"
version = "0.6.2"
description = "Fast implementation of the edit distance(Levenshtein distance)"
category = "main"
optional = false
python-versions = ">=3.6"
files = [
    {file = "editdistance-0.6.2-cp310-cp310-macosx_10_9_universal2.whl", hash = "sha256:b4fed965589ffd1f382ba26d06811427c57621a93cae3e31a986bc4c8fa7a716"},
    {file = "editdistance-0.6.2-cp310-cp310-macosx_10_9_x86_64.whl", hash = "sha256:3842411d9126249db7b52c61ce22571dc91292b252c7a7a71ebf34805fc8710f"},
    {file = "editdistance-0.6.2-cp310-cp310-macosx_11_0_arm64.whl", hash = "sha256:01f1187385d7517ceaea0fdec1c57f78135a2507676f13ca8ab7ca3020cc64c6"},
    {file = "editdistance-0.6.2-cp310-cp310-manylinux_2_17_aarch64.manylinux2014_aarch64.whl", hash = "sha256:53b1dee4391d83f1fd564d92373c075b473d351b25dc3ccb2b225331cfa7cd57"},
    {file = "editdistance-0.6.2-cp310-cp310-manylinux_2_17_x86_64.manylinux2014_x86_64.whl", hash = "sha256:e609ef6ca83ade4daf4a7a4dbc9154a0a5000b33796c04ff295d1a302f43af19"},
    {file = "editdistance-0.6.2-cp310-cp310-manylinux_2_5_i686.manylinux1_i686.manylinux_2_17_i686.manylinux2014_i686.whl", hash = "sha256:2c48541b77a24acf548b5bf83189988bf4c93bc324503a6ea630453549017b46"},
    {file = "editdistance-0.6.2-cp310-cp310-musllinux_1_1_aarch64.whl", hash = "sha256:06f1db8dc8f09587e0beb5521d820dd002c57ced8f129528d72d6b8c0be85361"},
    {file = "editdistance-0.6.2-cp310-cp310-musllinux_1_1_i686.whl", hash = "sha256:63b3400b39b058bc2f58f1e4b373276d9795adc397e502efc74b3f24543c936a"},
    {file = "editdistance-0.6.2-cp310-cp310-musllinux_1_1_x86_64.whl", hash = "sha256:0aa2adb28323b8c619c1b9c6bbd1ec8f150ef1fe7b06251107b6920d607b5f17"},
    {file = "editdistance-0.6.2-cp310-cp310-win32.whl", hash = "sha256:6537e4f86dc8437abff129d32795a813aa7c08758d03196fde8e5701de497b97"},
    {file = "editdistance-0.6.2-cp310-cp310-win_amd64.whl", hash = "sha256:454597f8f4bc0d680023753cc28abb0bf288527eddfb6cad43666efe388c91a2"},
    {file = "editdistance-0.6.2-cp311-cp311-macosx_10_9_universal2.whl", hash = "sha256:f32890793c2de47968caff55af277d3e4f2f536f38afd5755b2508f0f4f338a9"},
    {file = "editdistance-0.6.2-cp311-cp311-macosx_10_9_x86_64.whl", hash = "sha256:979c1798b0b3ea4a26e570d55f6a5014d5e6c8b3129e927a22047ea54621d188"},
    {file = "editdistance-0.6.2-cp311-cp311-macosx_11_0_arm64.whl", hash = "sha256:1ac8fbdb787edd9aa65749be9abfbaff98d1c61da0de99c6225fa0bb3fe3a527"},
    {file = "editdistance-0.6.2-cp311-cp311-manylinux_2_17_aarch64.manylinux2014_aarch64.whl", hash = "sha256:bce6b5191a1dac919d06357179654b24304f40a22b2cfc5d631210cb05964d34"},
    {file = "editdistance-0.6.2-cp311-cp311-manylinux_2_17_x86_64.manylinux2014_x86_64.whl", hash = "sha256:e375ed11f06f47f29e6fcb3e23fd4d1abe8310f1b666eb795b7bc2f343d36000"},
    {file = "editdistance-0.6.2-cp311-cp311-manylinux_2_5_i686.manylinux1_i686.manylinux_2_17_i686.manylinux2014_i686.whl", hash = "sha256:b26bdd02a7243cca646e69ca1ab1e28b229fd838271fb1413d55afc89f141033"},
    {file = "editdistance-0.6.2-cp311-cp311-musllinux_1_1_aarch64.whl", hash = "sha256:abe4da756fadc5c84745b6b07794d504968aebb280931909e3b5e92ea434fbe0"},
    {file = "editdistance-0.6.2-cp311-cp311-musllinux_1_1_i686.whl", hash = "sha256:63c73f8c38579c5f6464e129c791a5bfa88b0f2c1f8ffd15620125cfe580ecae"},
    {file = "editdistance-0.6.2-cp311-cp311-musllinux_1_1_x86_64.whl", hash = "sha256:c5c4b3327ba03841700b41e1393580732b7a15d553c47890aef4651fd42000cc"},
    {file = "editdistance-0.6.2-cp311-cp311-win32.whl", hash = "sha256:66eea6ad1a600e620a17d5b46d29796a79287cfa98db39eaf0aaccf79f6f7552"},
    {file = "editdistance-0.6.2-cp311-cp311-win_amd64.whl", hash = "sha256:22ab574cbec36552e8b0ae673feca08d9617bf94b837f9534fc2b82b9da38546"},
    {file = "editdistance-0.6.2-cp36-cp36m-macosx_10_9_x86_64.whl", hash = "sha256:01d63d31677c5f009eaed58b4a8b073613ced4c7aaca5221ab6269e735c95aec"},
    {file = "editdistance-0.6.2-cp36-cp36m-manylinux_2_17_aarch64.manylinux2014_aarch64.whl", hash = "sha256:327efa37b801e45b3a12937230965c14ecefc79ab71b495cf38eb39ef70bb88c"},
    {file = "editdistance-0.6.2-cp36-cp36m-manylinux_2_17_x86_64.manylinux2014_x86_64.whl", hash = "sha256:7b5ddba4883c22a2ad1137cab6d009772cfce1fa843f4b992e1f6834ad10707c"},
    {file = "editdistance-0.6.2-cp36-cp36m-manylinux_2_5_i686.manylinux1_i686.manylinux_2_17_i686.manylinux2014_i686.whl", hash = "sha256:eab0fc3a1c3b4b3518f64aa328f9ef5c382413343c99bf566a4cd5b45a4cf97d"},
    {file = "editdistance-0.6.2-cp36-cp36m-musllinux_1_1_aarch64.whl", hash = "sha256:9148a887b2a802c82712671b90618892a657ee8303853e4733ccc59e0ecc7c65"},
    {file = "editdistance-0.6.2-cp36-cp36m-musllinux_1_1_i686.whl", hash = "sha256:04681fa6d514620daadb8f380440cac509ff5316fc9867b30537a01396b2b8d7"},
    {file = "editdistance-0.6.2-cp36-cp36m-musllinux_1_1_x86_64.whl", hash = "sha256:d5cb6f5464823317b8884993e9b60fc590af950bc90f318913de10b85a9a2a44"},
    {file = "editdistance-0.6.2-cp36-cp36m-win32.whl", hash = "sha256:6adf991c0478de93a7b77dfc11317399248203ba0ff5a7f775e340a03869bf21"},
    {file = "editdistance-0.6.2-cp36-cp36m-win_amd64.whl", hash = "sha256:aed1aa6b3ba6a17d623ac5115412023b3c52c85727a97cdae14bd83489d1c173"},
    {file = "editdistance-0.6.2-cp37-cp37m-macosx_10_9_x86_64.whl", hash = "sha256:996c1d43361c661391f18b1920e28a53a2702de7cd9baedc0d61f91ad00e9403"},
    {file = "editdistance-0.6.2-cp37-cp37m-manylinux_2_17_aarch64.manylinux2014_aarch64.whl", hash = "sha256:ef96fb4e43362cdf723d243045fcbb87c0d1a43fe0797b168b8a659bf8e6a3c1"},
    {file = "editdistance-0.6.2-cp37-cp37m-manylinux_2_17_x86_64.manylinux2014_x86_64.whl", hash = "sha256:b7c1f7c81ee85774f738bd1fbdeeeae3b7853301271c93308f7f26fa830600e3"},
    {file = "editdistance-0.6.2-cp37-cp37m-manylinux_2_5_i686.manylinux1_i686.manylinux_2_17_i686.manylinux2014_i686.whl", hash = "sha256:6b282014742809684c720b9d5d2afb3cc542699e4515bf59a94512f656a36886"},
    {file = "editdistance-0.6.2-cp37-cp37m-musllinux_1_1_aarch64.whl", hash = "sha256:d917fa9d82f51b57a8d23abbc03f49640488cbfe4b9d6351ba3b562cadd95f6b"},
    {file = "editdistance-0.6.2-cp37-cp37m-musllinux_1_1_i686.whl", hash = "sha256:3435165327074a4321484e2de06e4b74ef03c34e103c39eee126f7277bb8123f"},
    {file = "editdistance-0.6.2-cp37-cp37m-musllinux_1_1_x86_64.whl", hash = "sha256:8fdf4834d0b3ec287f92b124889f755a6d28ce97e407147f015af3237290bb9a"},
    {file = "editdistance-0.6.2-cp37-cp37m-win32.whl", hash = "sha256:d9971beaf82c1ea6a5802daaac069a92b43309bbbc016fdadc9a54b1c4ce840f"},
    {file = "editdistance-0.6.2-cp37-cp37m-win_amd64.whl", hash = "sha256:51fe3eb5fcb14071735eadf8daf8583126967aec82965fe9d4f928f2b909c310"},
    {file = "editdistance-0.6.2-cp38-cp38-macosx_10_9_universal2.whl", hash = "sha256:dc63126b80320abbd6070ba9f82fed0a7d4388095324982ba5d7112a8c783abc"},
    {file = "editdistance-0.6.2-cp38-cp38-macosx_10_9_x86_64.whl", hash = "sha256:9d76a7c0f4f4d81a964118e5ea596948dcfaa85e1d81ecdf8ceac190d669a1d7"},
    {file = "editdistance-0.6.2-cp38-cp38-macosx_11_0_arm64.whl", hash = "sha256:1b6ab85adae46c8d191132cf67815434431be35b479b1a5844dce5e8d4d11b9d"},
    {file = "editdistance-0.6.2-cp38-cp38-manylinux_2_17_aarch64.manylinux2014_aarch64.whl", hash = "sha256:727dc0c4bb282e7c9efa4dbd385d78f8a7fd7edad068a143a57a72d931f6e45e"},
    {file = "editdistance-0.6.2-cp38-cp38-manylinux_2_17_x86_64.manylinux2014_x86_64.whl", hash = "sha256:85d8e5a67a9b5d4d0bf6bcc3e8c1fdbc11f6357def8c2df5a4cea5e19874c79a"},
    {file = "editdistance-0.6.2-cp38-cp38-manylinux_2_5_i686.manylinux1_i686.manylinux_2_17_i686.manylinux2014_i686.whl", hash = "sha256:f8d72d4283ff14cd4c9d3d38030f159f71fea2ceb611fcdbad1022e912262dfa"},
    {file = "editdistance-0.6.2-cp38-cp38-musllinux_1_1_aarch64.whl", hash = "sha256:50234341a9264a91f72136245404cb319b92010b0bd951decdcdb8e809942fca"},
    {file = "editdistance-0.6.2-cp38-cp38-musllinux_1_1_i686.whl", hash = "sha256:65ce074c366e483b190832be4c1194d8f667b0d2a9747241fee476a06d01c0c5"},
    {file = "editdistance-0.6.2-cp38-cp38-musllinux_1_1_x86_64.whl", hash = "sha256:3d19ecb414072a44c7d10a239c8494aea0faa476bc541766b7a3228fc9c19943"},
    {file = "editdistance-0.6.2-cp38-cp38-win32.whl", hash = "sha256:347bce77dac7e15bd6dbbfb5f09da0a5d5e64f6df3d5409abb3371b8005652d7"},
    {file = "editdistance-0.6.2-cp38-cp38-win_amd64.whl", hash = "sha256:57f3b6ecf872be8b678128f283eb0bb47220c422105e48d0351408fee9cc617a"},
    {file = "editdistance-0.6.2-cp39-cp39-macosx_10_9_universal2.whl", hash = "sha256:7a7a0b53640447746d9842fbe6b2766c76f92f9c9b554f45b9e665247b1de2f6"},
    {file = "editdistance-0.6.2-cp39-cp39-macosx_10_9_x86_64.whl", hash = "sha256:f5b4095f5db7cdcc67b6df7a87a40c120b67e7ce63fa38d1900fc76271b6405b"},
    {file = "editdistance-0.6.2-cp39-cp39-macosx_11_0_arm64.whl", hash = "sha256:a69254caa2874087cfda056e25691e215fbb92895971ab8b19db5b0b105f47ea"},
    {file = "editdistance-0.6.2-cp39-cp39-manylinux_2_17_aarch64.manylinux2014_aarch64.whl", hash = "sha256:cad240c00f0e6a3a6a23ac962585e14fcd8fa8ec041b5a57937acefa8beed658"},
    {file = "editdistance-0.6.2-cp39-cp39-manylinux_2_17_x86_64.manylinux2014_x86_64.whl", hash = "sha256:931fb160fd3e741d880f1bef46369993b50a45449e5b9c8f2e753df446c6bba5"},
    {file = "editdistance-0.6.2-cp39-cp39-manylinux_2_5_i686.manylinux1_i686.manylinux_2_17_i686.manylinux2014_i686.whl", hash = "sha256:f2f5569e7a870d7dfc00c301688d03cbe031bf4a83f390886d410c82315377be"},
    {file = "editdistance-0.6.2-cp39-cp39-musllinux_1_1_aarch64.whl", hash = "sha256:0395141203d51b118de3a6e90753278d5bf4ad66966950be6364790b55164828"},
    {file = "editdistance-0.6.2-cp39-cp39-musllinux_1_1_i686.whl", hash = "sha256:47a58a2a0e4bd63d33c1541f3f6c2f6b4c9699c2684ef7beeb20d93768d89a8b"},
    {file = "editdistance-0.6.2-cp39-cp39-musllinux_1_1_x86_64.whl", hash = "sha256:ddc02826be4a17fca0833ecc08a4ff1e6ec037a8a4b18567b2628c8ff309e8df"},
    {file = "editdistance-0.6.2-cp39-cp39-win32.whl", hash = "sha256:7fe35c130d8f0e740ec70b6672ac3cfc289625f0ab4c4e9a264583cb5fcc8d83"},
    {file = "editdistance-0.6.2-cp39-cp39-win_amd64.whl", hash = "sha256:ede7a5a67f35cc0f7eb4b7230cbe99e80d54b127794fff1415b2496084ac0117"},
    {file = "editdistance-0.6.2-pp37-pypy37_pp73-macosx_10_9_x86_64.whl", hash = "sha256:71aac2d0b4b421aac798bfbcce65bb2aafa0087ab3de4ef986218968f85bd531"},
    {file = "editdistance-0.6.2-pp37-pypy37_pp73-manylinux_2_17_aarch64.manylinux2014_aarch64.whl", hash = "sha256:0c1a76b06dd8ee37a83a96d5420f0cc35390a3b80a477e9f1dac898a520f9eca"},
    {file = "editdistance-0.6.2-pp37-pypy37_pp73-manylinux_2_5_i686.manylinux1_i686.manylinux_2_17_i686.manylinux2014_i686.whl", hash = "sha256:11c5fc9c0e2b3563f8f58a97f4a8acbeb0e11fa1c1ae58161f19ff5b223911eb"},
    {file = "editdistance-0.6.2-pp37-pypy37_pp73-manylinux_2_5_x86_64.manylinux1_x86_64.manylinux_2_17_x86_64.manylinux2014_x86_64.whl", hash = "sha256:e17d5e2a14fd2fe851d370576afb975dbc8a098c4ff6a858462c067ebd015849"},
    {file = "editdistance-0.6.2-pp37-pypy37_pp73-win_amd64.whl", hash = "sha256:c91cc8f69353811732f50465251ecccb87b2d7a5127ee739370f797a1e83c927"},
    {file = "editdistance-0.6.2-pp38-pypy38_pp73-macosx_10_9_x86_64.whl", hash = "sha256:69662c3ca546a6df37bb775b53aad9a6426b224a3e7e1a3062c9f01e88e94d0f"},
    {file = "editdistance-0.6.2-pp38-pypy38_pp73-manylinux_2_17_aarch64.manylinux2014_aarch64.whl", hash = "sha256:8da55507e34468646e05bb96fc046c46c882649097bbbe45d4ef785a0ac3f3a4"},
    {file = "editdistance-0.6.2-pp38-pypy38_pp73-manylinux_2_5_i686.manylinux1_i686.manylinux_2_17_i686.manylinux2014_i686.whl", hash = "sha256:e9a39d7567fa71f6304a1c97dfb8b34773c7df78968db8a26a723043b9c96251"},
    {file = "editdistance-0.6.2-pp38-pypy38_pp73-manylinux_2_5_x86_64.manylinux1_x86_64.manylinux_2_17_x86_64.manylinux2014_x86_64.whl", hash = "sha256:3ccab6307fa6299da911a6c14c1914086754dde9f32ec7979a98656e6e5e18b7"},
    {file = "editdistance-0.6.2-pp38-pypy38_pp73-win_amd64.whl", hash = "sha256:1f3ef008568d50c24cf60c944120a26f5d19ebce65f030059288819738717b06"},
    {file = "editdistance-0.6.2-pp39-pypy39_pp73-macosx_10_9_x86_64.whl", hash = "sha256:793b55100ec226ed41eeb8ed7dd66f4b30063b601070ff64405351c6871bf949"},
    {file = "editdistance-0.6.2-pp39-pypy39_pp73-manylinux_2_17_aarch64.manylinux2014_aarch64.whl", hash = "sha256:8c269be2a1325759ebc4f6698501349cf1248d7d09f5b239d2780b9085c24c98"},
    {file = "editdistance-0.6.2-pp39-pypy39_pp73-manylinux_2_5_i686.manylinux1_i686.manylinux_2_17_i686.manylinux2014_i686.whl", hash = "sha256:33cf7b216b23ad6b949b531fee8e934474fa02ffaf1c55cc556931214ff37ef4"},
    {file = "editdistance-0.6.2-pp39-pypy39_pp73-manylinux_2_5_x86_64.manylinux1_x86_64.manylinux_2_17_x86_64.manylinux2014_x86_64.whl", hash = "sha256:84c50dda926486b5be08aab6afbdc9e7d440c52f7f55e5b0b54efcb7c0742001"},
    {file = "editdistance-0.6.2-pp39-pypy39_pp73-win_amd64.whl", hash = "sha256:97fdc521d04b72e7f0bb393283091eaac1def3eaf12295aa4c7627d2beb99ed5"},
    {file = "editdistance-0.6.2.tar.gz", hash = "sha256:97a722f5e859ed4c26da269e71a11995f23ac9c880618b8a2028373eb74283be"},
]

[[package]]
name = "psycopg2"
version = "2.9.5"
description = "psycopg2 - Python-PostgreSQL Database Adapter"
category = "main"
optional = false
python-versions = ">=3.6"
files = [
    {file = "psycopg2-2.9.5-cp310-cp310-win32.whl", hash = "sha256:d3ef67e630b0de0779c42912fe2cbae3805ebaba30cda27fea2a3de650a9414f"},
    {file = "psycopg2-2.9.5-cp310-cp310-win_amd64.whl", hash = "sha256:4cb9936316d88bfab614666eb9e32995e794ed0f8f6b3b718666c22819c1d7ee"},
    {file = "psycopg2-2.9.5-cp311-cp311-win32.whl", hash = "sha256:093e3894d2d3c592ab0945d9eba9d139c139664dcf83a1c440b8a7aa9bb21955"},
    {file = "psycopg2-2.9.5-cp311-cp311-win_amd64.whl", hash = "sha256:920bf418000dd17669d2904472efeab2b20546efd0548139618f8fa305d1d7ad"},
    {file = "psycopg2-2.9.5-cp36-cp36m-win32.whl", hash = "sha256:b9ac1b0d8ecc49e05e4e182694f418d27f3aedcfca854ebd6c05bb1cffa10d6d"},
    {file = "psycopg2-2.9.5-cp36-cp36m-win_amd64.whl", hash = "sha256:fc04dd5189b90d825509caa510f20d1d504761e78b8dfb95a0ede180f71d50e5"},
    {file = "psycopg2-2.9.5-cp37-cp37m-win32.whl", hash = "sha256:922cc5f0b98a5f2b1ff481f5551b95cd04580fd6f0c72d9b22e6c0145a4840e0"},
    {file = "psycopg2-2.9.5-cp37-cp37m-win_amd64.whl", hash = "sha256:1e5a38aa85bd660c53947bd28aeaafb6a97d70423606f1ccb044a03a1203fe4a"},
    {file = "psycopg2-2.9.5-cp38-cp38-win32.whl", hash = "sha256:f5b6320dbc3cf6cfb9f25308286f9f7ab464e65cfb105b64cc9c52831748ced2"},
    {file = "psycopg2-2.9.5-cp38-cp38-win_amd64.whl", hash = "sha256:1a5c7d7d577e0eabfcf15eb87d1e19314c8c4f0e722a301f98e0e3a65e238b4e"},
    {file = "psycopg2-2.9.5-cp39-cp39-win32.whl", hash = "sha256:322fd5fca0b1113677089d4ebd5222c964b1760e361f151cbb2706c4912112c5"},
    {file = "psycopg2-2.9.5-cp39-cp39-win_amd64.whl", hash = "sha256:190d51e8c1b25a47484e52a79638a8182451d6f6dff99f26ad9bd81e5359a0fa"},
    {file = "psycopg2-2.9.5.tar.gz", hash = "sha256:a5246d2e683a972e2187a8714b5c2cf8156c064629f9a9b1a873c1730d9e245a"},
]

[metadata]
lock-version = "2.0"
python-versions = "^3.10"
content-hash = "343531f325fe55b6914b60e61413a9053f8752d758cc2d19869c98bdda06c8c5"
